
Microsoft Visual Studio Solution File, Format Version 12.00
# Visual Studio 15
VisualStudioVersion = 15.0.27428.2002
MinimumVisualStudioVersion = 10.0.40219.1
Project("{FAE04EC0-301F-11D3-BF4B-00C04F79EFBC}") = "Log2Html", "Log2Html\Log2Html.csproj", "{CF5BD3E4-1CE9-40C8-9732-E7C46287B62B}"
EndProject
Global
	GlobalSection(SolutionConfigurationPlatforms) = preSolution
		Debug|Any CPU = Debug|Any CPU
		Release|Any CPU = Release|Any CPU
	EndGlobalSection
	GlobalSection(ProjectConfigurationPlatforms) = postSolution
		{CF5BD3E4-1CE9-40C8-9732-E7C46287B62B}.Debug|Any CPU.ActiveCfg = Debug|Any CPU
		{CF5BD3E4-1CE9-40C8-9732-E7C46287B62B}.Debug|Any CPU.Build.0 = Debug|Any CPU
		{CF5BD3E4-1CE9-40C8-9732-E7C46287B62B}.Release|Any CPU.ActiveCfg = Release|Any CPU
		{CF5BD3E4-1CE9-40C8-9732-E7C46287B62B}.Release|Any CPU.Build.0 = Release|Any CPU
	EndGlobalSection
	GlobalSection(SolutionProperties) = preSolution
		HideSolutionNode = FALSE
	EndGlobalSection
	GlobalSection(ExtensibilityGlobals) = postSolution
		SolutionGuid = {E502A865-362D-4370-85D4-FBD52DE8DD92}
	EndGlobalSection
EndGlobal
